{
	"name": "monaco-playground",
	"version": "1.0.0",
	"lockfileVersion": 2,
	"requires": true,
	"packages": {
		"": {
			"version": "1.0.0",
			"license": "MIT",
			"devDependencies": {
				"@rollup/plugin-typescript": "^8.2.0",
				"@types/eslint": "^7.2.6",
				"@types/estree": "0.0.46",
				"http-server": "^0.12.3",
				"monaco-editor": "^0.23.0",
				"rollup": "^2.40.0",
				"tslib": "^2.1.0",
				"typescript": "^4.2.3"
			}
		},
		"node_modules/@rollup/plugin-typescript": {
			"version": "8.2.0",
			"resolved": "https://registry.npmjs.org/@rollup/plugin-typescript/-/plugin-typescript-8.2.0.tgz",
			"integrity": "sha512-5DyVsb7L+ehLfNPu/nat8Gq3uJGzku4bMFPt90XahtgiSBf7z9YKPLqFUJKMT41W/mJ98SVGDPOhzikGrr/Lhg==",
			"dev": true,
			"dependencies": {
				"@rollup/pluginutils": "^3.1.0",
				"resolve": "^1.17.0"
			},
			"engines": {
				"node": ">=8.0.0"
			},
			"peerDependencies": {
				"rollup": "^2.14.0",
				"tslib": "*",
				"typescript": ">=3.4.0"
			}
		},
		"node_modules/@rollup/pluginutils": {
			"version": "3.1.0",
			"resolved": "https://registry.npmjs.org/@rollup/pluginutils/-/pluginutils-3.1.0.tgz",
			"integrity": "sha512-GksZ6pr6TpIjHm8h9lSQ8pi8BE9VeubNT0OMJ3B5uZJ8pz73NPiqOtCog/x2/QzM1ENChPKxMDhiQuRHsqc+lg==",
			"dev": true,
			"dependencies": {
				"@types/estree": "0.0.39",
				"estree-walker": "^1.0.1",
				"picomatch": "^2.2.2"
			},
			"engines": {
				"node": ">= 8.0.0"
			}
		},
		"node_modules/@rollup/pluginutils/node_modules/@types/estree": {
			"version": "0.0.39",
			"resolved": "https://registry.npmjs.org/@types/estree/-/estree-0.0.39.tgz",
			"integrity": "sha512-EYNwp3bU+98cpU4lAWYYL7Zz+2gryWH1qbdDTidVd6hkiR6weksdbMadyXKXNPEkQFhXM+hVO9ZygomHXp+AIw==",
			"dev": true
		},
		"node_modules/@types/eslint": {
			"version": "7.2.6",
			"resolved": "https://registry.npmjs.org/@types/eslint/-/eslint-7.2.6.tgz",
			"integrity": "sha512-I+1sYH+NPQ3/tVqCeUSBwTE/0heyvtXqpIopUUArlBm0Kpocb8FbMa3AZ/ASKIFpN3rnEx932TTXDbt9OXsNDw==",
			"dev": true,
			"dependencies": {
				"@types/estree": "*",
				"@types/json-schema": "*"
			}
		},
		"node_modules/@types/estree": {
			"version": "0.0.46",
			"resolved": "https://registry.npmjs.org/@types/estree/-/estree-0.0.46.tgz",
			"integrity": "sha512-laIjwTQaD+5DukBZaygQ79K1Z0jb1bPEMRrkXSLjtCcZm+abyp5YbrqpSLzD42FwWW6gK/aS4NYpJ804nG2brg==",
			"dev": true
		},
		"node_modules/@types/json-schema": {
			"version": "7.0.6",
			"resolved": "https://registry.npmjs.org/@types/json-schema/-/json-schema-7.0.6.tgz",
			"integrity": "sha512-3c+yGKvVP5Y9TYBEibGNR+kLtijnj7mYrXRg+WpFb2X9xm04g/DXYkfg4hmzJQosc9snFNUPkbYIhu+KAm6jJw==",
			"dev": true
		},
		"node_modules/async": {
			"version": "2.6.3",
			"resolved": "https://registry.npmjs.org/async/-/async-2.6.3.tgz",
			"integrity": "sha512-zflvls11DCy+dQWzTW2dzuilv8Z5X/pjfmZOWba6TNIVDm+2UDaJmXSOXlasHKfNBs8oo3M0aT50fDEWfKZjXg==",
			"dev": true,
			"dependencies": {
				"lodash": "^4.17.14"
			}
		},
		"node_modules/basic-auth": {
			"version": "1.1.0",
			"resolved": "https://registry.npmjs.org/basic-auth/-/basic-auth-1.1.0.tgz",
			"integrity": "sha1-RSIe5Cn37h5QNb4/UVM/HN/SmIQ=",
			"dev": true,
			"engines": {
				"node": ">= 0.6"
			}
		},
		"node_modules/colors": {
			"version": "1.4.0",
			"resolved": "https://registry.npmjs.org/colors/-/colors-1.4.0.tgz",
			"integrity": "sha512-a+UqTh4kgZg/SlGvfbzDHpgRu7AAQOmmqRHJnxhRZICKFUT91brVhNNt58CMWU9PsBbv3PDCZUHbVxuDiH2mtA==",
			"dev": true,
			"engines": {
				"node": ">=0.1.90"
			}
		},
		"node_modules/corser": {
			"version": "2.0.1",
			"resolved": "https://registry.npmjs.org/corser/-/corser-2.0.1.tgz",
			"integrity": "sha1-jtolLsqrWEDc2XXOuQ2TcMgZ/4c=",
			"dev": true,
			"engines": {
				"node": ">= 0.4.0"
			}
		},
		"node_modules/debug": {
			"version": "3.2.6",
			"resolved": "https://registry.npmjs.org/debug/-/debug-3.2.6.tgz",
			"integrity": "sha512-mel+jf7nrtEl5Pn1Qx46zARXKDpBbvzezse7p7LqINmdoIk8PYP5SySaxEmYv6TZ0JyEKA1hsCId6DIhgITtWQ==",
			"dev": true,
			"dependencies": {
				"ms": "^2.1.1"
			}
		},
		"node_modules/ecstatic": {
			"version": "3.3.2",
			"resolved": "https://registry.npmjs.org/ecstatic/-/ecstatic-3.3.2.tgz",
			"integrity": "sha512-fLf9l1hnwrHI2xn9mEDT7KIi22UDqA2jaCwyCbSUJh9a1V+LEUSL/JO/6TIz/QyuBURWUHrFL5Kg2TtO1bkkog==",
			"dev": true,
			"dependencies": {
				"he": "^1.1.1",
				"mime": "^1.6.0",
				"minimist": "^1.1.0",
				"url-join": "^2.0.5"
			},
			"bin": {
				"ecstatic": "lib/ecstatic.js"
			}
		},
		"node_modules/estree-walker": {
			"version": "1.0.1",
			"resolved": "https://registry.npmjs.org/estree-walker/-/estree-walker-1.0.1.tgz",
			"integrity": "sha512-1fMXF3YP4pZZVozF8j/ZLfvnR8NSIljt56UhbZ5PeeDmmGHpgpdwQt7ITlGvYaQukCvuBRMLEiKiYC+oeIg4cg==",
			"dev": true
		},
		"node_modules/eventemitter3": {
			"version": "4.0.4",
			"resolved": "https://registry.npmjs.org/eventemitter3/-/eventemitter3-4.0.4.tgz",
			"integrity": "sha512-rlaVLnVxtxvoyLsQQFBx53YmXHDxRIzzTLbdfxqi4yocpSjAxXwkU0cScM5JgSKMqEhrZpnvQ2D9gjylR0AimQ==",
			"dev": true
		},
		"node_modules/follow-redirects": {
			"version": "1.12.1",
			"resolved": "https://registry.npmjs.org/follow-redirects/-/follow-redirects-1.12.1.tgz",
			"integrity": "sha512-tmRv0AVuR7ZyouUHLeNSiO6pqulF7dYa3s19c6t+wz9LD69/uSzdMxJ2S91nTI9U3rt/IldxpzMOFejp6f0hjg==",
			"dev": true,
			"engines": {
				"node": ">=4.0"
			}
		},
		"node_modules/fsevents": {
			"version": "2.3.2",
			"resolved": "https://registry.npmjs.org/fsevents/-/fsevents-2.3.2.tgz",
			"integrity": "sha512-xiqMQR4xAeHTuB9uWm+fFRcIOgKBMiOBP+eXiyT7jsgVCq1bkVygt00oASowB7EdtpOHaaPgKt812P9ab+DDKA==",
			"dev": true,
			"hasInstallScript": true,
			"optional": true,
			"os": [
				"darwin"
			],
			"engines": {
				"node": "^8.16.0 || ^10.6.0 || >=11.0.0"
			}
		},
		"node_modules/he": {
			"version": "1.2.0",
			"resolved": "https://registry.npmjs.org/he/-/he-1.2.0.tgz",
			"integrity": "sha512-F/1DnUGPopORZi0ni+CvrCgHQ5FyEAHRLSApuYWMmrbSwoN2Mn/7k+Gl38gJnR7yyDZk6WLXwiGod1JOWNDKGw==",
			"dev": true,
			"bin": {
				"he": "bin/he"
			}
		},
		"node_modules/http-proxy": {
			"version": "1.18.1",
			"resolved": "https://registry.npmjs.org/http-proxy/-/http-proxy-1.18.1.tgz",
			"integrity": "sha512-7mz/721AbnJwIVbnaSv1Cz3Am0ZLT/UBwkC92VlxhXv/k/BBQfM2fXElQNC27BVGr0uwUpplYPQM9LnaBMR5NQ==",
			"dev": true,
			"dependencies": {
				"eventemitter3": "^4.0.0",
				"follow-redirects": "^1.0.0",
				"requires-port": "^1.0.0"
			},
			"engines": {
				"node": ">=8.0.0"
			}
		},
		"node_modules/http-server": {
			"version": "0.12.3",
			"resolved": "https://registry.npmjs.org/http-server/-/http-server-0.12.3.tgz",
			"integrity": "sha512-be0dKG6pni92bRjq0kvExtj/NrrAd28/8fCXkaI/4piTwQMSDSLMhWyW0NI1V+DBI3aa1HMlQu46/HjVLfmugA==",
			"dev": true,
			"dependencies": {
				"basic-auth": "^1.0.3",
				"colors": "^1.4.0",
				"corser": "^2.0.1",
				"ecstatic": "^3.3.2",
				"http-proxy": "^1.18.0",
				"minimist": "^1.2.5",
				"opener": "^1.5.1",
				"portfinder": "^1.0.25",
				"secure-compare": "3.0.1",
				"union": "~0.5.0"
			},
			"bin": {
				"hs": "bin/http-server",
				"http-server": "bin/http-server"
			},
			"engines": {
				"node": ">=6"
			}
		},
		"node_modules/lodash": {
			"version": "4.17.20",
			"resolved": "https://registry.npmjs.org/lodash/-/lodash-4.17.20.tgz",
			"integrity": "sha512-PlhdFcillOINfeV7Ni6oF1TAEayyZBoZ8bcshTHqOYJYlrqzRK5hagpagky5o4HfCzzd1TRkXPMFq6cKk9rGmA==",
			"dev": true
		},
		"node_modules/mime": {
			"version": "1.6.0",
			"resolved": "https://registry.npmjs.org/mime/-/mime-1.6.0.tgz",
			"integrity": "sha512-x0Vn8spI+wuJ1O6S7gnbaQg8Pxh4NNHb7KSINmEWKiPE4RKOplvijn+NkmYmmRgP68mc70j2EbeTFRsrswaQeg==",
			"dev": true,
			"bin": {
				"mime": "cli.js"
			},
			"engines": {
				"node": ">=4"
			}
		},
		"node_modules/minimist": {
			"version": "1.2.5",
			"resolved": "https://registry.npmjs.org/minimist/-/minimist-1.2.5.tgz",
			"integrity": "sha512-FM9nNUYrRBAELZQT3xeZQ7fmMOBg6nWNmJKTcgsJeaLstP/UODVpGsr5OhXhhXg6f+qtJ8uiZ+PUxkDWcgIXLw==",
			"dev": true
		},
		"node_modules/mkdirp": {
			"version": "0.5.5",
			"resolved": "https://registry.npmjs.org/mkdirp/-/mkdirp-0.5.5.tgz",
			"integrity": "sha512-NKmAlESf6jMGym1++R0Ra7wvhV+wFW63FaSOFPwRahvea0gMUcGUhVeAg/0BC0wiv9ih5NYPB1Wn1UEI1/L+xQ==",
			"dev": true,
			"dependencies": {
				"minimist": "^1.2.5"
			},
			"bin": {
				"mkdirp": "bin/cmd.js"
			}
		},
		"node_modules/monaco-editor": {
			"version": "0.23.0",
			"resolved": "https://registry.npmjs.org/monaco-editor/-/monaco-editor-0.23.0.tgz",
			"integrity": "sha512-q+CP5zMR/aFiMTE9QlIavGyGicKnG2v/H8qVvybLzeFsARM8f6G9fL0sMST2tyVYCwDKkGamZUI6647A0jR/Lg==",
			"dev": true,
			"license": "MIT"
		},
		"node_modules/ms": {
			"version": "2.1.2",
			"resolved": "https://registry.npmjs.org/ms/-/ms-2.1.2.tgz",
			"integrity": "sha512-sGkPx+VjMtmA6MX27oA4FBFELFCZZ4S4XqeGOXCv68tT+jb3vk/RyaKWP0PTKyWtmLSM0b+adUTEvbs1PEaH2w==",
			"dev": true
		},
		"node_modules/opener": {
			"version": "1.5.1",
			"resolved": "https://registry.npmjs.org/opener/-/opener-1.5.1.tgz",
			"integrity": "sha512-goYSy5c2UXE4Ra1xixabeVh1guIX/ZV/YokJksb6q2lubWu6UbvPQ20p542/sFIll1nl8JnCyK9oBaOcCWXwvA==",
			"dev": true,
			"bin": {
				"opener": "bin/opener-bin.js"
			}
		},
		"node_modules/path-parse": {
			"version": "1.0.6",
			"resolved": "https://registry.npmjs.org/path-parse/-/path-parse-1.0.6.tgz",
			"integrity": "sha512-GSmOT2EbHrINBf9SR7CDELwlJ8AENk3Qn7OikK4nFYAu3Ote2+JYNVvkpAEQm3/TLNEJFD/xZJjzyxg3KBWOzw==",
			"dev": true
		},
		"node_modules/picomatch": {
			"version": "2.2.2",
			"resolved": "https://registry.npmjs.org/picomatch/-/picomatch-2.2.2.tgz",
			"integrity": "sha512-q0M/9eZHzmr0AulXyPwNfZjtwZ/RBZlbN3K3CErVrk50T2ASYI7Bye0EvekFY3IP1Nt2DHu0re+V2ZHIpMkuWg==",
			"dev": true,
			"engines": {
				"node": ">=8.6"
			}
		},
		"node_modules/portfinder": {
			"version": "1.0.26",
			"resolved": "https://registry.npmjs.org/portfinder/-/portfinder-1.0.26.tgz",
			"integrity": "sha512-Xi7mKxJHHMI3rIUrnm/jjUgwhbYMkp/XKEcZX3aG4BrumLpq3nmoQMX+ClYnDZnZ/New7IatC1no5RX0zo1vXQ==",
			"dev": true,
			"dependencies": {
				"async": "^2.6.2",
				"debug": "^3.1.1",
				"mkdirp": "^0.5.1"
			},
			"engines": {
				"node": ">= 0.12.0"
			}
		},
		"node_modules/qs": {
			"version": "6.9.4",
			"resolved": "https://registry.npmjs.org/qs/-/qs-6.9.4.tgz",
			"integrity": "sha512-A1kFqHekCTM7cz0udomYUoYNWjBebHm/5wzU/XqrBRBNWectVH0QIiN+NEcZ0Dte5hvzHwbr8+XQmguPhJ6WdQ==",
			"dev": true,
			"engines": {
				"node": ">=0.6"
			}
		},
		"node_modules/requires-port": {
			"version": "1.0.0",
			"resolved": "https://registry.npmjs.org/requires-port/-/requires-port-1.0.0.tgz",
			"integrity": "sha1-kl0mAdOaxIXgkc8NpcbmlNw9yv8=",
			"dev": true
		},
		"node_modules/resolve": {
			"version": "1.17.0",
			"resolved": "https://registry.npmjs.org/resolve/-/resolve-1.17.0.tgz",
			"integrity": "sha512-ic+7JYiV8Vi2yzQGFWOkiZD5Z9z7O2Zhm9XMaTxdJExKasieFCr+yXZ/WmXsckHiKl12ar0y6XiXDx3m4RHn1w==",
			"dev": true,
			"dependencies": {
				"path-parse": "^1.0.6"
			}
		},
		"node_modules/rollup": {
			"version": "2.40.0",
			"resolved": "https://registry.npmjs.org/rollup/-/rollup-2.40.0.tgz",
			"integrity": "sha512-WiOGAPbXoHu+TOz6hyYUxIksOwsY/21TRWoO593jgYt8mvYafYqQl+axaA8y1z2HFazNUUrsMSjahV2A6/2R9A==",
			"dev": true,
			"bin": {
				"rollup": "dist/bin/rollup"
			},
			"engines": {
				"node": ">=10.0.0"
			},
			"optionalDependencies": {
				"fsevents": "~2.3.1"
			}
		},
		"node_modules/secure-compare": {
			"version": "3.0.1",
			"resolved": "https://registry.npmjs.org/secure-compare/-/secure-compare-3.0.1.tgz",
			"integrity": "sha1-8aAymzCLIh+uN7mXTz1XjQypmeM=",
			"dev": true
		},
		"node_modules/tslib": {
			"version": "2.1.0",
			"resolved": "https://registry.npmjs.org/tslib/-/tslib-2.1.0.tgz",
			"integrity": "sha512-hcVC3wYEziELGGmEEXue7D75zbwIIVUMWAVbHItGPx0ziyXxrOMQx4rQEVEV45Ut/1IotuEvwqPopzIOkDMf0A==",
			"dev": true,
			"license": "0BSD"
		},
		"node_modules/typescript": {
			"version": "4.2.3",
			"resolved": "https://registry.npmjs.org/typescript/-/typescript-4.2.3.tgz",
			"integrity": "sha512-qOcYwxaByStAWrBf4x0fibwZvMRG+r4cQoTjbPtUlrWjBHbmCAww1i448U0GJ+3cNNEtebDteo/cHOR3xJ4wEw==",
			"dev": true,
			"bin": {
				"tsc": "bin/tsc",
				"tsserver": "bin/tsserver"
			},
			"engines": {
				"node": ">=4.2.0"
			}
		},
		"node_modules/union": {
			"version": "0.5.0",
			"resolved": "https://registry.npmjs.org/union/-/union-0.5.0.tgz",
			"integrity": "sha512-N6uOhuW6zO95P3Mel2I2zMsbsanvvtgn6jVqJv4vbVcz/JN0OkL9suomjQGmWtxJQXOCqUJvquc1sMeNz/IwlA==",
			"dev": true,
			"dependencies": {
				"qs": "^6.4.0"
			},
			"engines": {
				"node": ">= 0.8.0"
			}
		},
		"node_modules/url-join": {
			"version": "2.0.5",
			"resolved": "https://registry.npmjs.org/url-join/-/url-join-2.0.5.tgz",
			"integrity": "sha1-WvIvGMBSoACkjXuCxenC4v7tpyg=",
			"dev": true
		}
	},
	"dependencies": {
		"@rollup/plugin-typescript": {
			"version": "8.2.0",
			"resolved": "https://registry.npmjs.org/@rollup/plugin-typescript/-/plugin-typescript-8.2.0.tgz",
			"integrity": "sha512-5DyVsb7L+ehLfNPu/nat8Gq3uJGzku4bMFPt90XahtgiSBf7z9YKPLqFUJKMT41W/mJ98SVGDPOhzikGrr/Lhg==",
			"dev": true,
			"requires": {
				"@rollup/pluginutils": "^3.1.0",
				"resolve": "^1.17.0"
			}
		},
		"@rollup/pluginutils": {
			"version": "3.1.0",
			"resolved": "https://registry.npmjs.org/@rollup/pluginutils/-/pluginutils-3.1.0.tgz",
			"integrity": "sha512-GksZ6pr6TpIjHm8h9lSQ8pi8BE9VeubNT0OMJ3B5uZJ8pz73NPiqOtCog/x2/QzM1ENChPKxMDhiQuRHsqc+lg==",
			"dev": true,
			"requires": {
				"@types/estree": "0.0.39",
				"estree-walker": "^1.0.1",
				"picomatch": "^2.2.2"
			},
			"dependencies": {
				"@types/estree": {
					"version": "0.0.39",
					"resolved": "https://registry.npmjs.org/@types/estree/-/estree-0.0.39.tgz",
					"integrity": "sha512-EYNwp3bU+98cpU4lAWYYL7Zz+2gryWH1qbdDTidVd6hkiR6weksdbMadyXKXNPEkQFhXM+hVO9ZygomHXp+AIw==",
					"dev": true
				}
			}
		},
		"@types/eslint": {
			"version": "7.2.6",
			"resolved": "https://registry.npmjs.org/@types/eslint/-/eslint-7.2.6.tgz",
			"integrity": "sha512-I+1sYH+NPQ3/tVqCeUSBwTE/0heyvtXqpIopUUArlBm0Kpocb8FbMa3AZ/ASKIFpN3rnEx932TTXDbt9OXsNDw==",
			"dev": true,
			"requires": {
				"@types/estree": "*",
				"@types/json-schema": "*"
			}
		},
		"@types/estree": {
			"version": "0.0.46",
			"resolved": "https://registry.npmjs.org/@types/estree/-/estree-0.0.46.tgz",
			"integrity": "sha512-laIjwTQaD+5DukBZaygQ79K1Z0jb1bPEMRrkXSLjtCcZm+abyp5YbrqpSLzD42FwWW6gK/aS4NYpJ804nG2brg==",
			"dev": true
		},
		"@types/json-schema": {
			"version": "7.0.6",
			"resolved": "https://registry.npmjs.org/@types/json-schema/-/json-schema-7.0.6.tgz",
			"integrity": "sha512-3c+yGKvVP5Y9TYBEibGNR+kLtijnj7mYrXRg+WpFb2X9xm04g/DXYkfg4hmzJQosc9snFNUPkbYIhu+KAm6jJw==",
			"dev": true
		},
		"async": {
			"version": "2.6.3",
			"resolved": "https://registry.npmjs.org/async/-/async-2.6.3.tgz",
			"integrity": "sha512-zflvls11DCy+dQWzTW2dzuilv8Z5X/pjfmZOWba6TNIVDm+2UDaJmXSOXlasHKfNBs8oo3M0aT50fDEWfKZjXg==",
			"dev": true,
			"requires": {
				"lodash": "^4.17.14"
			}
		},
		"basic-auth": {
			"version": "1.1.0",
			"resolved": "https://registry.npmjs.org/basic-auth/-/basic-auth-1.1.0.tgz",
			"integrity": "sha1-RSIe5Cn37h5QNb4/UVM/HN/SmIQ=",
			"dev": true
		},
		"colors": {
			"version": "1.4.0",
			"resolved": "https://registry.npmjs.org/colors/-/colors-1.4.0.tgz",
			"integrity": "sha512-a+UqTh4kgZg/SlGvfbzDHpgRu7AAQOmmqRHJnxhRZICKFUT91brVhNNt58CMWU9PsBbv3PDCZUHbVxuDiH2mtA==",
			"dev": true
		},
		"corser": {
			"version": "2.0.1",
			"resolved": "https://registry.npmjs.org/corser/-/corser-2.0.1.tgz",
			"integrity": "sha1-jtolLsqrWEDc2XXOuQ2TcMgZ/4c=",
			"dev": true
		},
		"debug": {
			"version": "3.2.6",
			"resolved": "https://registry.npmjs.org/debug/-/debug-3.2.6.tgz",
			"integrity": "sha512-mel+jf7nrtEl5Pn1Qx46zARXKDpBbvzezse7p7LqINmdoIk8PYP5SySaxEmYv6TZ0JyEKA1hsCId6DIhgITtWQ==",
			"dev": true,
			"requires": {
				"ms": "^2.1.1"
			}
		},
		"ecstatic": {
			"version": "3.3.2",
			"resolved": "https://registry.npmjs.org/ecstatic/-/ecstatic-3.3.2.tgz",
			"integrity": "sha512-fLf9l1hnwrHI2xn9mEDT7KIi22UDqA2jaCwyCbSUJh9a1V+LEUSL/JO/6TIz/QyuBURWUHrFL5Kg2TtO1bkkog==",
			"dev": true,
			"requires": {
				"he": "^1.1.1",
				"mime": "^1.6.0",
				"minimist": "^1.1.0",
				"url-join": "^2.0.5"
			}
		},
		"estree-walker": {
			"version": "1.0.1",
			"resolved": "https://registry.npmjs.org/estree-walker/-/estree-walker-1.0.1.tgz",
			"integrity": "sha512-1fMXF3YP4pZZVozF8j/ZLfvnR8NSIljt56UhbZ5PeeDmmGHpgpdwQt7ITlGvYaQukCvuBRMLEiKiYC+oeIg4cg==",
			"dev": true
		},
		"eventemitter3": {
			"version": "4.0.4",
			"resolved": "https://registry.npmjs.org/eventemitter3/-/eventemitter3-4.0.4.tgz",
			"integrity": "sha512-rlaVLnVxtxvoyLsQQFBx53YmXHDxRIzzTLbdfxqi4yocpSjAxXwkU0cScM5JgSKMqEhrZpnvQ2D9gjylR0AimQ==",
			"dev": true
		},
		"follow-redirects": {
			"version": "1.12.1",
			"resolved": "https://registry.npmjs.org/follow-redirects/-/follow-redirects-1.12.1.tgz",
			"integrity": "sha512-tmRv0AVuR7ZyouUHLeNSiO6pqulF7dYa3s19c6t+wz9LD69/uSzdMxJ2S91nTI9U3rt/IldxpzMOFejp6f0hjg==",
			"dev": true
		},
		"fsevents": {
			"version": "2.3.2",
			"resolved": "https://registry.npmjs.org/fsevents/-/fsevents-2.3.2.tgz",
			"integrity": "sha512-xiqMQR4xAeHTuB9uWm+fFRcIOgKBMiOBP+eXiyT7jsgVCq1bkVygt00oASowB7EdtpOHaaPgKt812P9ab+DDKA==",
			"dev": true,
			"optional": true
		},
		"he": {
			"version": "1.2.0",
			"resolved": "https://registry.npmjs.org/he/-/he-1.2.0.tgz",
			"integrity": "sha512-F/1DnUGPopORZi0ni+CvrCgHQ5FyEAHRLSApuYWMmrbSwoN2Mn/7k+Gl38gJnR7yyDZk6WLXwiGod1JOWNDKGw==",
			"dev": true
		},
		"http-proxy": {
			"version": "1.18.1",
			"resolved": "https://registry.npmjs.org/http-proxy/-/http-proxy-1.18.1.tgz",
			"integrity": "sha512-7mz/721AbnJwIVbnaSv1Cz3Am0ZLT/UBwkC92VlxhXv/k/BBQfM2fXElQNC27BVGr0uwUpplYPQM9LnaBMR5NQ==",
			"dev": true,
			"requires": {
				"eventemitter3": "^4.0.0",
				"follow-redirects": "^1.0.0",
				"requires-port": "^1.0.0"
			}
		},
		"http-server": {
			"version": "0.12.3",
			"resolved": "https://registry.npmjs.org/http-server/-/http-server-0.12.3.tgz",
			"integrity": "sha512-be0dKG6pni92bRjq0kvExtj/NrrAd28/8fCXkaI/4piTwQMSDSLMhWyW0NI1V+DBI3aa1HMlQu46/HjVLfmugA==",
			"dev": true,
			"requires": {
				"basic-auth": "^1.0.3",
				"colors": "^1.4.0",
				"corser": "^2.0.1",
				"ecstatic": "^3.3.2",
				"http-proxy": "^1.18.0",
				"minimist": "^1.2.5",
				"opener": "^1.5.1",
				"portfinder": "^1.0.25",
				"secure-compare": "3.0.1",
				"union": "~0.5.0"
			}
		},
		"lodash": {
			"version": "4.17.20",
			"resolved": "https://registry.npmjs.org/lodash/-/lodash-4.17.20.tgz",
			"integrity": "sha512-PlhdFcillOINfeV7Ni6oF1TAEayyZBoZ8bcshTHqOYJYlrqzRK5hagpagky5o4HfCzzd1TRkXPMFq6cKk9rGmA==",
			"dev": true
		},
		"mime": {
			"version": "1.6.0",
			"resolved": "https://registry.npmjs.org/mime/-/mime-1.6.0.tgz",
			"integrity": "sha512-x0Vn8spI+wuJ1O6S7gnbaQg8Pxh4NNHb7KSINmEWKiPE4RKOplvijn+NkmYmmRgP68mc70j2EbeTFRsrswaQeg==",
			"dev": true
		},
		"minimist": {
			"version": "1.2.5",
			"resolved": "https://registry.npmjs.org/minimist/-/minimist-1.2.5.tgz",
			"integrity": "sha512-FM9nNUYrRBAELZQT3xeZQ7fmMOBg6nWNmJKTcgsJeaLstP/UODVpGsr5OhXhhXg6f+qtJ8uiZ+PUxkDWcgIXLw==",
			"dev": true
		},
		"mkdirp": {
			"version": "0.5.5",
			"resolved": "https://registry.npmjs.org/mkdirp/-/mkdirp-0.5.5.tgz",
			"integrity": "sha512-NKmAlESf6jMGym1++R0Ra7wvhV+wFW63FaSOFPwRahvea0gMUcGUhVeAg/0BC0wiv9ih5NYPB1Wn1UEI1/L+xQ==",
			"dev": true,
			"requires": {
				"minimist": "^1.2.5"
			}
		},
		"monaco-editor": {
			"version": "0.23.0",
			"resolved": "https://registry.npmjs.org/monaco-editor/-/monaco-editor-0.23.0.tgz",
			"integrity": "sha512-q+CP5zMR/aFiMTE9QlIavGyGicKnG2v/H8qVvybLzeFsARM8f6G9fL0sMST2tyVYCwDKkGamZUI6647A0jR/Lg==",
			"dev": true
		},
		"ms": {
			"version": "2.1.2",
			"resolved": "https://registry.npmjs.org/ms/-/ms-2.1.2.tgz",
			"integrity": "sha512-sGkPx+VjMtmA6MX27oA4FBFELFCZZ4S4XqeGOXCv68tT+jb3vk/RyaKWP0PTKyWtmLSM0b+adUTEvbs1PEaH2w==",
			"dev": true
		},
		"opener": {
			"version": "1.5.1",
			"resolved": "https://registry.npmjs.org/opener/-/opener-1.5.1.tgz",
			"integrity": "sha512-goYSy5c2UXE4Ra1xixabeVh1guIX/ZV/YokJksb6q2lubWu6UbvPQ20p542/sFIll1nl8JnCyK9oBaOcCWXwvA==",
			"dev": true
		},
		"path-parse": {
			"version": "1.0.6",
			"resolved": "https://registry.npmjs.org/path-parse/-/path-parse-1.0.6.tgz",
			"integrity": "sha512-GSmOT2EbHrINBf9SR7CDELwlJ8AENk3Qn7OikK4nFYAu3Ote2+JYNVvkpAEQm3/TLNEJFD/xZJjzyxg3KBWOzw==",
			"dev": true
		},
		"picomatch": {
			"version": "2.2.2",
			"resolved": "https://registry.npmjs.org/picomatch/-/picomatch-2.2.2.tgz",
			"integrity": "sha512-q0M/9eZHzmr0AulXyPwNfZjtwZ/RBZlbN3K3CErVrk50T2ASYI7Bye0EvekFY3IP1Nt2DHu0re+V2ZHIpMkuWg==",
			"dev": true
		},
		"portfinder": {
			"version": "1.0.26",
			"resolved": "https://registry.npmjs.org/portfinder/-/portfinder-1.0.26.tgz",
			"integrity": "sha512-Xi7mKxJHHMI3rIUrnm/jjUgwhbYMkp/XKEcZX3aG4BrumLpq3nmoQMX+ClYnDZnZ/New7IatC1no5RX0zo1vXQ==",
			"dev": true,
			"requires": {
				"async": "^2.6.2",
				"debug": "^3.1.1",
				"mkdirp": "^0.5.1"
			}
		},
		"qs": {
			"version": "6.9.4",
			"resolved": "https://registry.npmjs.org/qs/-/qs-6.9.4.tgz",
			"integrity": "sha512-A1kFqHekCTM7cz0udomYUoYNWjBebHm/5wzU/XqrBRBNWectVH0QIiN+NEcZ0Dte5hvzHwbr8+XQmguPhJ6WdQ==",
			"dev": true
		},
		"requires-port": {
			"version": "1.0.0",
			"resolved": "https://registry.npmjs.org/requires-port/-/requires-port-1.0.0.tgz",
			"integrity": "sha1-kl0mAdOaxIXgkc8NpcbmlNw9yv8=",
			"dev": true
		},
		"resolve": {
			"version": "1.17.0",
			"resolved": "https://registry.npmjs.org/resolve/-/resolve-1.17.0.tgz",
			"integrity": "sha512-ic+7JYiV8Vi2yzQGFWOkiZD5Z9z7O2Zhm9XMaTxdJExKasieFCr+yXZ/WmXsckHiKl12ar0y6XiXDx3m4RHn1w==",
			"dev": true,
			"requires": {
				"path-parse": "^1.0.6"
			}
		},
		"rollup": {
			"version": "2.40.0",
			"resolved": "https://registry.npmjs.org/rollup/-/rollup-2.40.0.tgz",
			"integrity": "sha512-WiOGAPbXoHu+TOz6hyYUxIksOwsY/21TRWoO593jgYt8mvYafYqQl+axaA8y1z2HFazNUUrsMSjahV2A6/2R9A==",
			"dev": true,
			"requires": {
				"fsevents": "~2.3.1"
			}
		},
		"secure-compare": {
			"version": "3.0.1",
			"resolved": "https://registry.npmjs.org/secure-compare/-/secure-compare-3.0.1.tgz",
			"integrity": "sha1-8aAymzCLIh+uN7mXTz1XjQypmeM=",
			"dev": true
		},
		"tslib": {
			"version": "2.1.0",
			"resolved": "https://registry.npmjs.org/tslib/-/tslib-2.1.0.tgz",
			"integrity": "sha512-hcVC3wYEziELGGmEEXue7D75zbwIIVUMWAVbHItGPx0ziyXxrOMQx4rQEVEV45Ut/1IotuEvwqPopzIOkDMf0A==",
			"dev": true
		},
		"typescript": {
			"version": "4.2.3",
			"resolved": "https://registry.npmjs.org/typescript/-/typescript-4.2.3.tgz",
			"integrity": "sha512-qOcYwxaByStAWrBf4x0fibwZvMRG+r4cQoTjbPtUlrWjBHbmCAww1i448U0GJ+3cNNEtebDteo/cHOR3xJ4wEw==",
			"dev": true
		},
		"union": {
			"version": "0.5.0",
			"resolved": "https://registry.npmjs.org/union/-/union-0.5.0.tgz",
			"integrity": "sha512-N6uOhuW6zO95P3Mel2I2zMsbsanvvtgn6jVqJv4vbVcz/JN0OkL9suomjQGmWtxJQXOCqUJvquc1sMeNz/IwlA==",
			"dev": true,
			"requires": {
				"qs": "^6.4.0"
			}
		},
		"url-join": {
			"version": "2.0.5",
			"resolved": "https://registry.npmjs.org/url-join/-/url-join-2.0.5.tgz",
			"integrity": "sha1-WvIvGMBSoACkjXuCxenC4v7tpyg=",
			"dev": true
		}
	}
}
