{
  "name": "monaco-playground",
  "version": "1.0.0",
  "lockfileVersion": 1,
  "requires": true,
  "dependencies": {
    "typescript": {
      "version": "3.8.0-dev.20191026",
      "resolved": "https://registry.npmjs.org/typescript/-/typescript-3.8.0-dev.20191026.tgz",
      "integrity": "sha512-Q2a6ZranolX+5b9Olq83xbb8vbvrMSWQUBMNpOl6vyReH6n0kyLybXQ7A30+oJ2yOG7l//6Q6HSeV/ZPGafacA==",
      "dev": true
    }
  }
}
